
Microsoft Visual Studio Solution File, Format Version 12.00
# Visual Studio Version 17
VisualStudioVersion = 17.9.34622.214
MinimumVisualStudioVersion = 10.0.40219.1
Project("{9A19103F-16F7-4668-BE54-9A1E7A4F7556}") = "ErpWeb", "WebApiPerson\ErpWeb.csproj", "{9851A0A6-B70C-4F9D-92DD-DA3607BFDC38}"
EndProject
Project("{9A19103F-16F7-4668-BE54-9A1E7A4F7556}") = "ErpSecurity", "ErpSecurity\ErpSecurity.csproj", "{F24FC9D5-9A85-421B-8874-BCAB4508A697}"
EndProject
Project("{9A19103F-16F7-4668-BE54-9A1E7A4F7556}") = "ErpShared", "ErpShared\ErpShared.csproj", "{8CFCC374-9F1E-4E4B-A8D9-F629CEE72268}"
EndProject
Project("{9A19103F-16F7-4668-BE54-9A1E7A4F7556}") = "ErpIoc", "ErpIoc\ErpIoc.csproj", "{56CF18EE-C30E-4EF3-9DF1-E0F1C3BC9708}"
EndProject
Project("{9A19103F-16F7-4668-BE54-9A1E7A4F7556}") = "ErpCore", "ErpCore\ErpCore.csproj", "{E0A39288-8807-4ADA-9981-2F0CC1AC77E8}"
EndProject
Global
	GlobalSection(SolutionConfigurationPlatforms) = preSolution
		Debug|Any CPU = Debug|Any CPU
		Release|Any CPU = Release|Any CPU
	EndGlobalSection
	GlobalSection(ProjectConfigurationPlatforms) = postSolution
		{9851A0A6-B70C-4F9D-92DD-DA3607BFDC38}.Debug|Any CPU.ActiveCfg = Debug|Any CPU
		{9851A0A6-B70C-4F9D-92DD-DA3607BFDC38}.Debug|Any CPU.Build.0 = Debug|Any CPU
		{9851A0A6-B70C-4F9D-92DD-DA3607BFDC38}.Release|Any CPU.ActiveCfg = Release|Any CPU
		{9851A0A6-B70C-4F9D-92DD-DA3607BFDC38}.Release|Any CPU.Build.0 = Release|Any CPU
		{F24FC9D5-9A85-421B-8874-BCAB4508A697}.Debug|Any CPU.ActiveCfg = Debug|Any CPU
		{F24FC9D5-9A85-421B-8874-BCAB4508A697}.Debug|Any CPU.Build.0 = Debug|Any CPU
		{F24FC9D5-9A85-421B-8874-BCAB4508A697}.Release|Any CPU.ActiveCfg = Release|Any CPU
		{F24FC9D5-9A85-421B-8874-BCAB4508A697}.Release|Any CPU.Build.0 = Release|Any CPU
		{8CFCC374-9F1E-4E4B-A8D9-F629CEE72268}.Debug|Any CPU.ActiveCfg = Debug|Any CPU
		{8CFCC374-9F1E-4E4B-A8D9-F629CEE72268}.Debug|Any CPU.Build.0 = Debug|Any CPU
		{8CFCC374-9F1E-4E4B-A8D9-F629CEE72268}.Release|Any CPU.ActiveCfg = Release|Any CPU
		{8CFCC374-9F1E-4E4B-A8D9-F629CEE72268}.Release|Any CPU.Build.0 = Release|Any CPU
		{56CF18EE-C30E-4EF3-9DF1-E0F1C3BC9708}.Debug|Any CPU.ActiveCfg = Debug|Any CPU
		{56CF18EE-C30E-4EF3-9DF1-E0F1C3BC9708}.Debug|Any CPU.Build.0 = Debug|Any CPU
		{56CF18EE-C30E-4EF3-9DF1-E0F1C3BC9708}.Release|Any CPU.ActiveCfg = Release|Any CPU
		{56CF18EE-C30E-4EF3-9DF1-E0F1C3BC9708}.Release|Any CPU.Build.0 = Release|Any CPU
		{E0A39288-8807-4ADA-9981-2F0CC1AC77E8}.Debug|Any CPU.ActiveCfg = Debug|Any CPU
		{E0A39288-8807-4ADA-9981-2F0CC1AC77E8}.Debug|Any CPU.Build.0 = Debug|Any CPU
		{E0A39288-8807-4ADA-9981-2F0CC1AC77E8}.Release|Any CPU.ActiveCfg = Release|Any CPU
		{E0A39288-8807-4ADA-9981-2F0CC1AC77E8}.Release|Any CPU.Build.0 = Release|Any CPU
	EndGlobalSection
	GlobalSection(SolutionProperties) = preSolution
		HideSolutionNode = FALSE
	EndGlobalSection
	GlobalSection(ExtensibilityGlobals) = postSolution
		SolutionGuid = {AD149B7E-14D2-440B-A96A-0C333F648B39}
	EndGlobalSection
EndGlobal
